github.com/Red651/golang-belajar-modul v1.0.1 h1:gAGsulbOUSXExVzfPNdo13ZAF4uakvxt0DwmcX4QIww=
github.com/Red651/golang-belajar-modul v1.0.1/go.mod h1:AKKdmGS3M7I/+PyPcwspC0LPXi6pDBE5ZahNo5p/Y5I=
github.com/Red651/golang-belajar-modul v1.0.2 h1:6AWu0rMh511JVj+MCbue4wBcx8w7VsPB+/Jro8mw80E=
github.com/Red651/golang-belajar-modul v1.0.2/go.mod h1:AKKdmGS3M7I/+PyPcwspC0LPXi6pDBE5ZahNo5p/Y5I=
